
Microsoft Visual Studio Solution File, Format Version 12.00
# Visual Studio Version 17
VisualStudioVersion = 17.4.33403.182
MinimumVisualStudioVersion = 10.0.40219.1
Project("{2150E333-8FDC-42A3-9474-1A3956D46DE8}") = "src", "src", "{DCAA095E-2796-41FA-A1D0-1134E29309E7}"
EndProject
Project("{2150E333-8FDC-42A3-9474-1A3956D46DE8}") = "tests", "tests", "{06861454-9561-492A-9F93-A33B6F7AE3AB}"
EndProject
Project("{2150E333-8FDC-42A3-9474-1A3956D46DE8}") = "unit", "unit", "{C778E127-C02C-4A37-8E85-3D86DCC063DC}"
EndProject
Project("{2150E333-8FDC-42A3-9474-1A3956D46DE8}") = "acceptance", "acceptance", "{93EBAE55-A8BA-40FF-93AA-7D9E4359B6B9}"
EndProject
Project("{FAE04EC0-301F-11D3-BF4B-00C04F79EFBC}") = "Task1-ShapeHierarchy", "src\Assignment-2\Task1-ShapeHierarchy\Task1-ShapeHierarchy.csproj", "{C253FFEF-539C-4242-87CB-6B0E96E96717}"
EndProject
Project("{FAE04EC0-301F-11D3-BF4B-00C04F79EFBC}") = "Task2-EmployeeHierarchy", "src\Assignment-2\Task2-EmployeeHierarchy\Task2-EmployeeHierarchy.csproj", "{F1B2AF52-5FB2-4742-9C85-DB908951EE6E}"
EndProject
Project("{FAE04EC0-301F-11D3-BF4B-00C04F79EFBC}") = "Task3-BankingSystem", "src\Assignment-2\Task3-BankingSystem\Task3-BankingSystem.csproj", "{D26DDA14-2865-4C90-BEB9-9432DFF33001}"
EndProject
Project("{FAE04EC0-301F-11D3-BF4B-00C04F79EFBC}") = "Assignment1-ContactManager", "src\Assignment-1\Assignment1-ContactManager\Assignment1-ContactManager.csproj", "{203DB866-848A-4490-A21B-7F97F1DBDC3F}"
EndProject
Project("{2150E333-8FDC-42A3-9474-1A3956D46DE8}") = "Assignment-1", "Assignment-1", "{02EA681E-C7D8-13C7-8484-4AC65E1B71E8}"
EndProject
Project("{2150E333-8FDC-42A3-9474-1A3956D46DE8}") = "Assignment-2", "Assignment-2", "{0C0F5A14-AD8A-4C0D-A98B-978A9FA6F989}"
EndProject
Project("{FAE04EC0-301F-11D3-BF4B-00C04F79EFBC}") = "Task1-List", "src\Assignment-13\Task1-List\Task1-List.csproj", "{8FDEC179-0AA5-4015-B936-64DC5FD78F06}"
EndProject
Project("{2150E333-8FDC-42A3-9474-1A3956D46DE8}") = "Assignment-13", "Assignment-13", "{2F06E9FC-FEA1-4353-A135-3FD1F3786EAD}"
EndProject
Project("{FAE04EC0-301F-11D3-BF4B-00C04F79EFBC}") = "Task2-Stack", "src\Assignment-13\Task2-Stack\Task2-Stack.csproj", "{C8823633-6F0A-435E-A901-48CA76B68385}"
EndProject
Project("{FAE04EC0-301F-11D3-BF4B-00C04F79EFBC}") = "Task3-Queue", "src\Assignment-13\Task3-Queue\Task3-Queue.csproj", "{06AFEEA8-4D6C-4AA7-9B72-BB228414615E}"
EndProject
Project("{FAE04EC0-301F-11D3-BF4B-00C04F79EFBC}") = "Task4-Dictionaries", "src\Assignment-13\Task4-Dictionaries\Task4-Dictionaries.csproj", "{720310C0-122F-47AE-8748-97DE97C60548}"
EndProject
Project("{FAE04EC0-301F-11D3-BF4B-00C04F79EFBC}") = "Task5-Generics", "src\Assignment-13\Task5-Generics\Task5-Generics.csproj", "{29E8529F-1CDA-453E-9F96-8C1C4A2FE8EB}"
EndProject
Global
	GlobalSection(SolutionConfigurationPlatforms) = preSolution
		Debug|Any CPU = Debug|Any CPU
		Release|Any CPU = Release|Any CPU
	EndGlobalSection
	GlobalSection(ProjectConfigurationPlatforms) = postSolution
		{C253FFEF-539C-4242-87CB-6B0E96E96717}.Debug|Any CPU.ActiveCfg = Debug|Any CPU
		{C253FFEF-539C-4242-87CB-6B0E96E96717}.Debug|Any CPU.Build.0 = Debug|Any CPU
		{C253FFEF-539C-4242-87CB-6B0E96E96717}.Release|Any CPU.ActiveCfg = Release|Any CPU
		{C253FFEF-539C-4242-87CB-6B0E96E96717}.Release|Any CPU.Build.0 = Release|Any CPU
		{F1B2AF52-5FB2-4742-9C85-DB908951EE6E}.Debug|Any CPU.ActiveCfg = Debug|Any CPU
		{F1B2AF52-5FB2-4742-9C85-DB908951EE6E}.Debug|Any CPU.Build.0 = Debug|Any CPU
		{F1B2AF52-5FB2-4742-9C85-DB908951EE6E}.Release|Any CPU.ActiveCfg = Release|Any CPU
		{F1B2AF52-5FB2-4742-9C85-DB908951EE6E}.Release|Any CPU.Build.0 = Release|Any CPU
		{D26DDA14-2865-4C90-BEB9-9432DFF33001}.Debug|Any CPU.ActiveCfg = Debug|Any CPU
		{D26DDA14-2865-4C90-BEB9-9432DFF33001}.Debug|Any CPU.Build.0 = Debug|Any CPU
		{D26DDA14-2865-4C90-BEB9-9432DFF33001}.Release|Any CPU.ActiveCfg = Release|Any CPU
		{D26DDA14-2865-4C90-BEB9-9432DFF33001}.Release|Any CPU.Build.0 = Release|Any CPU
		{203DB866-848A-4490-A21B-7F97F1DBDC3F}.Debug|Any CPU.ActiveCfg = Debug|Any CPU
		{203DB866-848A-4490-A21B-7F97F1DBDC3F}.Debug|Any CPU.Build.0 = Debug|Any CPU
		{203DB866-848A-4490-A21B-7F97F1DBDC3F}.Release|Any CPU.ActiveCfg = Release|Any CPU
		{203DB866-848A-4490-A21B-7F97F1DBDC3F}.Release|Any CPU.Build.0 = Release|Any CPU
		{8FDEC179-0AA5-4015-B936-64DC5FD78F06}.Debug|Any CPU.ActiveCfg = Debug|Any CPU
		{8FDEC179-0AA5-4015-B936-64DC5FD78F06}.Debug|Any CPU.Build.0 = Debug|Any CPU
		{8FDEC179-0AA5-4015-B936-64DC5FD78F06}.Release|Any CPU.ActiveCfg = Release|Any CPU
		{8FDEC179-0AA5-4015-B936-64DC5FD78F06}.Release|Any CPU.Build.0 = Release|Any CPU
		{C8823633-6F0A-435E-A901-48CA76B68385}.Debug|Any CPU.ActiveCfg = Debug|Any CPU
		{C8823633-6F0A-435E-A901-48CA76B68385}.Debug|Any CPU.Build.0 = Debug|Any CPU
		{C8823633-6F0A-435E-A901-48CA76B68385}.Release|Any CPU.ActiveCfg = Release|Any CPU
		{C8823633-6F0A-435E-A901-48CA76B68385}.Release|Any CPU.Build.0 = Release|Any CPU
		{06AFEEA8-4D6C-4AA7-9B72-BB228414615E}.Debug|Any CPU.ActiveCfg = Debug|Any CPU
		{06AFEEA8-4D6C-4AA7-9B72-BB228414615E}.Debug|Any CPU.Build.0 = Debug|Any CPU
		{06AFEEA8-4D6C-4AA7-9B72-BB228414615E}.Release|Any CPU.ActiveCfg = Release|Any CPU
		{06AFEEA8-4D6C-4AA7-9B72-BB228414615E}.Release|Any CPU.Build.0 = Release|Any CPU
		{720310C0-122F-47AE-8748-97DE97C60548}.Debug|Any CPU.ActiveCfg = Debug|Any CPU
		{720310C0-122F-47AE-8748-97DE97C60548}.Debug|Any CPU.Build.0 = Debug|Any CPU
		{720310C0-122F-47AE-8748-97DE97C60548}.Release|Any CPU.ActiveCfg = Release|Any CPU
		{720310C0-122F-47AE-8748-97DE97C60548}.Release|Any CPU.Build.0 = Release|Any CPU
		{29E8529F-1CDA-453E-9F96-8C1C4A2FE8EB}.Debug|Any CPU.ActiveCfg = Debug|Any CPU
		{29E8529F-1CDA-453E-9F96-8C1C4A2FE8EB}.Debug|Any CPU.Build.0 = Debug|Any CPU
		{29E8529F-1CDA-453E-9F96-8C1C4A2FE8EB}.Release|Any CPU.ActiveCfg = Release|Any CPU
		{29E8529F-1CDA-453E-9F96-8C1C4A2FE8EB}.Release|Any CPU.Build.0 = Release|Any CPU
	EndGlobalSection
	GlobalSection(SolutionProperties) = preSolution
		HideSolutionNode = FALSE
	EndGlobalSection
	GlobalSection(NestedProjects) = preSolution
		{C778E127-C02C-4A37-8E85-3D86DCC063DC} = {06861454-9561-492A-9F93-A33B6F7AE3AB}
		{93EBAE55-A8BA-40FF-93AA-7D9E4359B6B9} = {06861454-9561-492A-9F93-A33B6F7AE3AB}
		{C253FFEF-539C-4242-87CB-6B0E96E96717} = {0C0F5A14-AD8A-4C0D-A98B-978A9FA6F989}
		{F1B2AF52-5FB2-4742-9C85-DB908951EE6E} = {0C0F5A14-AD8A-4C0D-A98B-978A9FA6F989}
		{D26DDA14-2865-4C90-BEB9-9432DFF33001} = {0C0F5A14-AD8A-4C0D-A98B-978A9FA6F989}
		{203DB866-848A-4490-A21B-7F97F1DBDC3F} = {02EA681E-C7D8-13C7-8484-4AC65E1B71E8}
		{02EA681E-C7D8-13C7-8484-4AC65E1B71E8} = {DCAA095E-2796-41FA-A1D0-1134E29309E7}
		{0C0F5A14-AD8A-4C0D-A98B-978A9FA6F989} = {DCAA095E-2796-41FA-A1D0-1134E29309E7}
		{8FDEC179-0AA5-4015-B936-64DC5FD78F06} = {2F06E9FC-FEA1-4353-A135-3FD1F3786EAD}
		{2F06E9FC-FEA1-4353-A135-3FD1F3786EAD} = {DCAA095E-2796-41FA-A1D0-1134E29309E7}
		{C8823633-6F0A-435E-A901-48CA76B68385} = {2F06E9FC-FEA1-4353-A135-3FD1F3786EAD}
		{06AFEEA8-4D6C-4AA7-9B72-BB228414615E} = {2F06E9FC-FEA1-4353-A135-3FD1F3786EAD}
		{720310C0-122F-47AE-8748-97DE97C60548} = {2F06E9FC-FEA1-4353-A135-3FD1F3786EAD}
		{29E8529F-1CDA-453E-9F96-8C1C4A2FE8EB} = {2F06E9FC-FEA1-4353-A135-3FD1F3786EAD}
	EndGlobalSection
	GlobalSection(ExtensibilityGlobals) = postSolution
		SolutionGuid = {D4CECB66-8E11-49D9-AA1E-464EE0231450}
	EndGlobalSection
EndGlobal
