
Microsoft Visual Studio Solution File, Format Version 12.00
# Visual Studio Version 17
VisualStudioVersion = 17.4.33403.182
MinimumVisualStudioVersion = 10.0.40219.1
Project("{2150E333-8FDC-42A3-9474-1A3956D46DE8}") = "src", "src", "{DCAA095E-2796-41FA-A1D0-1134E29309E7}"
EndProject
Project("{2150E333-8FDC-42A3-9474-1A3956D46DE8}") = "tests", "tests", "{06861454-9561-492A-9F93-A33B6F7AE3AB}"
EndProject
Project("{2150E333-8FDC-42A3-9474-1A3956D46DE8}") = "unit", "unit", "{C778E127-C02C-4A37-8E85-3D86DCC063DC}"
EndProject
Project("{2150E333-8FDC-42A3-9474-1A3956D46DE8}") = "acceptance", "acceptance", "{93EBAE55-A8BA-40FF-93AA-7D9E4359B6B9}"
EndProject
Project("{FAE04EC0-301F-11D3-BF4B-00C04F79EFBC}") = "Task1-ShapeHierarchy", "src\Assignment-2\Task1-ShapeHierarchy\Task1-ShapeHierarchy.csproj", "{C253FFEF-539C-4242-87CB-6B0E96E96717}"
EndProject
Project("{FAE04EC0-301F-11D3-BF4B-00C04F79EFBC}") = "Task2-EmployeeHierarchy", "src\Assignment-2\Task2-EmployeeHierarchy\Task2-EmployeeHierarchy.csproj", "{F1B2AF52-5FB2-4742-9C85-DB908951EE6E}"
EndProject
Project("{FAE04EC0-301F-11D3-BF4B-00C04F79EFBC}") = "Task3-BankingSystem", "src\Assignment-2\Task3-BankingSystem\Task3-BankingSystem.csproj", "{D26DDA14-2865-4C90-BEB9-9432DFF33001}"
EndProject
Project("{FAE04EC0-301F-11D3-BF4B-00C04F79EFBC}") = "Assignment1-ContactManager", "src\Assignment-1\Assignment1-ContactManager\Assignment1-ContactManager.csproj", "{203DB866-848A-4490-A21B-7F97F1DBDC3F}"
EndProject
Project("{FAE04EC0-301F-11D3-BF4B-00C04F79EFBC}") = "Task1", "src\Assignment-8\ErrorHandling\Task1-DivisionOperation\Task1.csproj", "{A5B43068-70C7-461F-A1DA-6ABA271CAD17}"
EndProject
Project("{FAE04EC0-301F-11D3-BF4B-00C04F79EFBC}") = "Task2", "src\Assignment-8\ErrorHandling\Task2-ArrayAccess\Task2.csproj", "{658C4BC4-1B97-4A11-AC4A-37C1DD249F42}"
EndProject
Project("{2150E333-8FDC-42A3-9474-1A3956D46DE8}") = "Assignment-8", "Assignment-8", "{02EA681E-C7D8-13C7-8484-4AC65E1B71E8}"
EndProject
Project("{2150E333-8FDC-42A3-9474-1A3956D46DE8}") = "Assignment-1", "Assignment-1", "{2A3AA15D-96D6-4DF7-BFF5-CA17EEA819D5}"
EndProject
Project("{2150E333-8FDC-42A3-9474-1A3956D46DE8}") = "Assignment-2", "Assignment-2", "{B2D363B4-239D-41B0-BCC4-406F82CB65FE}"
EndProject
Project("{FAE04EC0-301F-11D3-BF4B-00C04F79EFBC}") = "Task3", "src\Assignment-8\ErrorHandling\Task3-CustomException\Task3.csproj", "{82296EC9-AA1D-425B-8CFD-B46E135A9A19}"
EndProject
Project("{FAE04EC0-301F-11D3-BF4B-00C04F79EFBC}") = "Task4", "src\Assignment-8\ErrorHandling\Task4-GlobalExceptionHandler\Task4.csproj", "{48D6014A-09F6-44A3-AFEA-159685FE9958}"
EndProject
Project("{FAE04EC0-301F-11D3-BF4B-00C04F79EFBC}") = "Task5", "src\Assignment-8\ErrorHandling\Task5-StackTrace\Task5.csproj", "{6AD24CA7-94BE-4CE5-AFEF-4234F46A4389}"
EndProject
Global
	GlobalSection(SolutionConfigurationPlatforms) = preSolution
		Debug|Any CPU = Debug|Any CPU
		Release|Any CPU = Release|Any CPU
	EndGlobalSection
	GlobalSection(ProjectConfigurationPlatforms) = postSolution
		{C253FFEF-539C-4242-87CB-6B0E96E96717}.Debug|Any CPU.ActiveCfg = Debug|Any CPU
		{C253FFEF-539C-4242-87CB-6B0E96E96717}.Debug|Any CPU.Build.0 = Debug|Any CPU
		{C253FFEF-539C-4242-87CB-6B0E96E96717}.Release|Any CPU.ActiveCfg = Release|Any CPU
		{C253FFEF-539C-4242-87CB-6B0E96E96717}.Release|Any CPU.Build.0 = Release|Any CPU
		{F1B2AF52-5FB2-4742-9C85-DB908951EE6E}.Debug|Any CPU.ActiveCfg = Debug|Any CPU
		{F1B2AF52-5FB2-4742-9C85-DB908951EE6E}.Debug|Any CPU.Build.0 = Debug|Any CPU
		{F1B2AF52-5FB2-4742-9C85-DB908951EE6E}.Release|Any CPU.ActiveCfg = Release|Any CPU
		{F1B2AF52-5FB2-4742-9C85-DB908951EE6E}.Release|Any CPU.Build.0 = Release|Any CPU
		{D26DDA14-2865-4C90-BEB9-9432DFF33001}.Debug|Any CPU.ActiveCfg = Debug|Any CPU
		{D26DDA14-2865-4C90-BEB9-9432DFF33001}.Debug|Any CPU.Build.0 = Debug|Any CPU
		{D26DDA14-2865-4C90-BEB9-9432DFF33001}.Release|Any CPU.ActiveCfg = Release|Any CPU
		{D26DDA14-2865-4C90-BEB9-9432DFF33001}.Release|Any CPU.Build.0 = Release|Any CPU
		{203DB866-848A-4490-A21B-7F97F1DBDC3F}.Debug|Any CPU.ActiveCfg = Debug|Any CPU
		{203DB866-848A-4490-A21B-7F97F1DBDC3F}.Debug|Any CPU.Build.0 = Debug|Any CPU
		{203DB866-848A-4490-A21B-7F97F1DBDC3F}.Release|Any CPU.ActiveCfg = Release|Any CPU
		{203DB866-848A-4490-A21B-7F97F1DBDC3F}.Release|Any CPU.Build.0 = Release|Any CPU
		{A5B43068-70C7-461F-A1DA-6ABA271CAD17}.Debug|Any CPU.ActiveCfg = Debug|Any CPU
		{A5B43068-70C7-461F-A1DA-6ABA271CAD17}.Debug|Any CPU.Build.0 = Debug|Any CPU
		{A5B43068-70C7-461F-A1DA-6ABA271CAD17}.Release|Any CPU.ActiveCfg = Release|Any CPU
		{A5B43068-70C7-461F-A1DA-6ABA271CAD17}.Release|Any CPU.Build.0 = Release|Any CPU
		{658C4BC4-1B97-4A11-AC4A-37C1DD249F42}.Debug|Any CPU.ActiveCfg = Debug|Any CPU
		{658C4BC4-1B97-4A11-AC4A-37C1DD249F42}.Debug|Any CPU.Build.0 = Debug|Any CPU
		{658C4BC4-1B97-4A11-AC4A-37C1DD249F42}.Release|Any CPU.ActiveCfg = Release|Any CPU
		{658C4BC4-1B97-4A11-AC4A-37C1DD249F42}.Release|Any CPU.Build.0 = Release|Any CPU
		{82296EC9-AA1D-425B-8CFD-B46E135A9A19}.Debug|Any CPU.ActiveCfg = Debug|Any CPU
		{82296EC9-AA1D-425B-8CFD-B46E135A9A19}.Debug|Any CPU.Build.0 = Debug|Any CPU
		{82296EC9-AA1D-425B-8CFD-B46E135A9A19}.Release|Any CPU.ActiveCfg = Release|Any CPU
		{82296EC9-AA1D-425B-8CFD-B46E135A9A19}.Release|Any CPU.Build.0 = Release|Any CPU
		{48D6014A-09F6-44A3-AFEA-159685FE9958}.Debug|Any CPU.ActiveCfg = Debug|Any CPU
		{48D6014A-09F6-44A3-AFEA-159685FE9958}.Debug|Any CPU.Build.0 = Debug|Any CPU
		{48D6014A-09F6-44A3-AFEA-159685FE9958}.Release|Any CPU.ActiveCfg = Release|Any CPU
		{48D6014A-09F6-44A3-AFEA-159685FE9958}.Release|Any CPU.Build.0 = Release|Any CPU
		{6AD24CA7-94BE-4CE5-AFEF-4234F46A4389}.Debug|Any CPU.ActiveCfg = Debug|Any CPU
		{6AD24CA7-94BE-4CE5-AFEF-4234F46A4389}.Debug|Any CPU.Build.0 = Debug|Any CPU
		{6AD24CA7-94BE-4CE5-AFEF-4234F46A4389}.Release|Any CPU.ActiveCfg = Release|Any CPU
		{6AD24CA7-94BE-4CE5-AFEF-4234F46A4389}.Release|Any CPU.Build.0 = Release|Any CPU
	EndGlobalSection
	GlobalSection(SolutionProperties) = preSolution
		HideSolutionNode = FALSE
	EndGlobalSection
	GlobalSection(NestedProjects) = preSolution
		{C778E127-C02C-4A37-8E85-3D86DCC063DC} = {06861454-9561-492A-9F93-A33B6F7AE3AB}
		{93EBAE55-A8BA-40FF-93AA-7D9E4359B6B9} = {06861454-9561-492A-9F93-A33B6F7AE3AB}
		{C253FFEF-539C-4242-87CB-6B0E96E96717} = {B2D363B4-239D-41B0-BCC4-406F82CB65FE}
		{F1B2AF52-5FB2-4742-9C85-DB908951EE6E} = {B2D363B4-239D-41B0-BCC4-406F82CB65FE}
		{D26DDA14-2865-4C90-BEB9-9432DFF33001} = {B2D363B4-239D-41B0-BCC4-406F82CB65FE}
		{203DB866-848A-4490-A21B-7F97F1DBDC3F} = {2A3AA15D-96D6-4DF7-BFF5-CA17EEA819D5}
		{A5B43068-70C7-461F-A1DA-6ABA271CAD17} = {02EA681E-C7D8-13C7-8484-4AC65E1B71E8}
		{658C4BC4-1B97-4A11-AC4A-37C1DD249F42} = {02EA681E-C7D8-13C7-8484-4AC65E1B71E8}
		{02EA681E-C7D8-13C7-8484-4AC65E1B71E8} = {DCAA095E-2796-41FA-A1D0-1134E29309E7}
		{2A3AA15D-96D6-4DF7-BFF5-CA17EEA819D5} = {DCAA095E-2796-41FA-A1D0-1134E29309E7}
		{B2D363B4-239D-41B0-BCC4-406F82CB65FE} = {DCAA095E-2796-41FA-A1D0-1134E29309E7}
		{82296EC9-AA1D-425B-8CFD-B46E135A9A19} = {02EA681E-C7D8-13C7-8484-4AC65E1B71E8}
		{48D6014A-09F6-44A3-AFEA-159685FE9958} = {02EA681E-C7D8-13C7-8484-4AC65E1B71E8}
		{6AD24CA7-94BE-4CE5-AFEF-4234F46A4389} = {02EA681E-C7D8-13C7-8484-4AC65E1B71E8}
	EndGlobalSection
	GlobalSection(ExtensibilityGlobals) = postSolution
		SolutionGuid = {D4CECB66-8E11-49D9-AA1E-464EE0231450}
	EndGlobalSection
EndGlobal
