
Microsoft Visual Studio Solution File, Format Version 12.00
# Visual Studio Version 17
VisualStudioVersion = 17.4.33403.182
MinimumVisualStudioVersion = 10.0.40219.1
Project("{2150E333-8FDC-42A3-9474-1A3956D46DE8}") = "src", "src", "{DCAA095E-2796-41FA-A1D0-1134E29309E7}"
EndProject
Project("{2150E333-8FDC-42A3-9474-1A3956D46DE8}") = "tests", "tests", "{06861454-9561-492A-9F93-A33B6F7AE3AB}"
EndProject
Project("{2150E333-8FDC-42A3-9474-1A3956D46DE8}") = "unit", "unit", "{C778E127-C02C-4A37-8E85-3D86DCC063DC}"
EndProject
Project("{2150E333-8FDC-42A3-9474-1A3956D46DE8}") = "acceptance", "acceptance", "{93EBAE55-A8BA-40FF-93AA-7D9E4359B6B9}"
EndProject
Project("{FAE04EC0-301F-11D3-BF4B-00C04F79EFBC}") = "Task1-ShapeHierarchy", "src\Assignment-2\Task1-ShapeHierarchy\Task1-ShapeHierarchy.csproj", "{C253FFEF-539C-4242-87CB-6B0E96E96717}"
EndProject
Project("{FAE04EC0-301F-11D3-BF4B-00C04F79EFBC}") = "Task2-EmployeeHierarchy", "src\Assignment-2\Task2-EmployeeHierarchy\Task2-EmployeeHierarchy.csproj", "{F1B2AF52-5FB2-4742-9C85-DB908951EE6E}"
EndProject
Project("{FAE04EC0-301F-11D3-BF4B-00C04F79EFBC}") = "Task3-BankingSystem", "src\Assignment-2\Task3-BankingSystem\Task3-BankingSystem.csproj", "{D26DDA14-2865-4C90-BEB9-9432DFF33001}"
EndProject
Project("{FAE04EC0-301F-11D3-BF4B-00C04F79EFBC}") = "Assignment1-ContactManager", "src\Assignment-1\Assignment1-ContactManager\Assignment1-ContactManager.csproj", "{203DB866-848A-4490-A21B-7F97F1DBDC3F}"
EndProject
Project("{FAE04EC0-301F-11D3-BF4B-00C04F79EFBC}") = "ExpenseTracker", "src\Assignment-4\ExpenseTracker\ExpenseTracker.csproj", "{7B6AB16D-3D51-45ED-936F-462218683396}"
EndProject
Project("{2150E333-8FDC-42A3-9474-1A3956D46DE8}") = "Assignment-1", "Assignment-1", "{02EA681E-C7D8-13C7-8484-4AC65E1B71E8}"
EndProject
Project("{2150E333-8FDC-42A3-9474-1A3956D46DE8}") = "Assignment-4", "Assignment-4", "{FAFA71F0-F3E1-43FD-97A7-81F74BB62834}"
EndProject
Project("{2150E333-8FDC-42A3-9474-1A3956D46DE8}") = "Assignment-2", "Assignment-2", "{D7409F15-2728-4E04-9E46-48658CB7D78C}"
EndProject
Project("{2150E333-8FDC-42A3-9474-1A3956D46DE8}") = "Assignment-5", "Assignment-5", "{690DBA03-8FC2-487E-91C4-60E05B5A3C91}"
EndProject
Project("{FAE04EC0-301F-11D3-BF4B-00C04F79EFBC}") = "ExpenseTracker", "src\Assignment-5\ExpenseTracker\ExpenseTracker.csproj", "{2D96D323-B0AF-A76E-06C6-C580168D4E78}"
EndProject
Global
	GlobalSection(SolutionConfigurationPlatforms) = preSolution
		Debug|Any CPU = Debug|Any CPU
		Release|Any CPU = Release|Any CPU
	EndGlobalSection
	GlobalSection(ProjectConfigurationPlatforms) = postSolution
		{C253FFEF-539C-4242-87CB-6B0E96E96717}.Debug|Any CPU.ActiveCfg = Debug|Any CPU
		{C253FFEF-539C-4242-87CB-6B0E96E96717}.Debug|Any CPU.Build.0 = Debug|Any CPU
		{C253FFEF-539C-4242-87CB-6B0E96E96717}.Release|Any CPU.ActiveCfg = Release|Any CPU
		{C253FFEF-539C-4242-87CB-6B0E96E96717}.Release|Any CPU.Build.0 = Release|Any CPU
		{F1B2AF52-5FB2-4742-9C85-DB908951EE6E}.Debug|Any CPU.ActiveCfg = Debug|Any CPU
		{F1B2AF52-5FB2-4742-9C85-DB908951EE6E}.Debug|Any CPU.Build.0 = Debug|Any CPU
		{F1B2AF52-5FB2-4742-9C85-DB908951EE6E}.Release|Any CPU.ActiveCfg = Release|Any CPU
		{F1B2AF52-5FB2-4742-9C85-DB908951EE6E}.Release|Any CPU.Build.0 = Release|Any CPU
		{D26DDA14-2865-4C90-BEB9-9432DFF33001}.Debug|Any CPU.ActiveCfg = Debug|Any CPU
		{D26DDA14-2865-4C90-BEB9-9432DFF33001}.Debug|Any CPU.Build.0 = Debug|Any CPU
		{D26DDA14-2865-4C90-BEB9-9432DFF33001}.Release|Any CPU.ActiveCfg = Release|Any CPU
		{D26DDA14-2865-4C90-BEB9-9432DFF33001}.Release|Any CPU.Build.0 = Release|Any CPU
		{203DB866-848A-4490-A21B-7F97F1DBDC3F}.Debug|Any CPU.ActiveCfg = Debug|Any CPU
		{203DB866-848A-4490-A21B-7F97F1DBDC3F}.Debug|Any CPU.Build.0 = Debug|Any CPU
		{203DB866-848A-4490-A21B-7F97F1DBDC3F}.Release|Any CPU.ActiveCfg = Release|Any CPU
		{203DB866-848A-4490-A21B-7F97F1DBDC3F}.Release|Any CPU.Build.0 = Release|Any CPU
		{7B6AB16D-3D51-45ED-936F-462218683396}.Debug|Any CPU.ActiveCfg = Debug|Any CPU
		{7B6AB16D-3D51-45ED-936F-462218683396}.Debug|Any CPU.Build.0 = Debug|Any CPU
		{7B6AB16D-3D51-45ED-936F-462218683396}.Release|Any CPU.ActiveCfg = Release|Any CPU
		{7B6AB16D-3D51-45ED-936F-462218683396}.Release|Any CPU.Build.0 = Release|Any CPU
		{2D96D323-B0AF-A76E-06C6-C580168D4E78}.Debug|Any CPU.ActiveCfg = Debug|Any CPU
		{2D96D323-B0AF-A76E-06C6-C580168D4E78}.Debug|Any CPU.Build.0 = Debug|Any CPU
		{2D96D323-B0AF-A76E-06C6-C580168D4E78}.Release|Any CPU.ActiveCfg = Release|Any CPU
		{2D96D323-B0AF-A76E-06C6-C580168D4E78}.Release|Any CPU.Build.0 = Release|Any CPU
	EndGlobalSection
	GlobalSection(SolutionProperties) = preSolution
		HideSolutionNode = FALSE
	EndGlobalSection
	GlobalSection(NestedProjects) = preSolution
		{C778E127-C02C-4A37-8E85-3D86DCC063DC} = {06861454-9561-492A-9F93-A33B6F7AE3AB}
		{93EBAE55-A8BA-40FF-93AA-7D9E4359B6B9} = {06861454-9561-492A-9F93-A33B6F7AE3AB}
		{C253FFEF-539C-4242-87CB-6B0E96E96717} = {D7409F15-2728-4E04-9E46-48658CB7D78C}
		{F1B2AF52-5FB2-4742-9C85-DB908951EE6E} = {D7409F15-2728-4E04-9E46-48658CB7D78C}
		{D26DDA14-2865-4C90-BEB9-9432DFF33001} = {D7409F15-2728-4E04-9E46-48658CB7D78C}
		{203DB866-848A-4490-A21B-7F97F1DBDC3F} = {02EA681E-C7D8-13C7-8484-4AC65E1B71E8}
		{7B6AB16D-3D51-45ED-936F-462218683396} = {FAFA71F0-F3E1-43FD-97A7-81F74BB62834}
		{02EA681E-C7D8-13C7-8484-4AC65E1B71E8} = {DCAA095E-2796-41FA-A1D0-1134E29309E7}
		{FAFA71F0-F3E1-43FD-97A7-81F74BB62834} = {DCAA095E-2796-41FA-A1D0-1134E29309E7}
		{D7409F15-2728-4E04-9E46-48658CB7D78C} = {DCAA095E-2796-41FA-A1D0-1134E29309E7}
		{690DBA03-8FC2-487E-91C4-60E05B5A3C91} = {DCAA095E-2796-41FA-A1D0-1134E29309E7}
		{2D96D323-B0AF-A76E-06C6-C580168D4E78} = {690DBA03-8FC2-487E-91C4-60E05B5A3C91}
	EndGlobalSection
	GlobalSection(ExtensibilityGlobals) = postSolution
		SolutionGuid = {D4CECB66-8E11-49D9-AA1E-464EE0231450}
	EndGlobalSection
EndGlobal
